// !$*UTF8*$!
{
	archiveVersion = 1;
	classes = {
	};
	objectVersion = 56;
	objects = {

/* Begin PBXBuildFile section */
		85BD2E3D2D84F30400D55316 /* AppDelegate.swift in Sources */ = {isa = PBXBuildFile; fileRef = 85BD2E3C2D84F30400D55316 /* AppDelegate.swift */; };
		85BD2E3F2D84F30400D55316 /* SceneDelegate.swift in Sources */ = {isa = PBXBuildFile; fileRef = 85BD2E3E2D84F30400D55316 /* SceneDelegate.swift */; };
		85BD2E412D84F30400D55316 /* ReposytoryTableViewController.swift in Sources */ = {isa = PBXBuildFile; fileRef = 85BD2E402D84F30400D55316 /* ReposytoryTableViewController.swift */; };
		85BD2E462D84F30500D55316 /* Assets.xcassets in Resources */ = {isa = PBXBuildFile; fileRef = 85BD2E452D84F30500D55316 /* Assets.xcassets */; };
		85BD2E492D84F30500D55316 /* Base in Resources */ = {isa = PBXBuildFile; fileRef = 85BD2E482D84F30500D55316 /* Base */; };
		85BD2E542D84F30500D55316 /* Github_iOSTests.swift in Sources */ = {isa = PBXBuildFile; fileRef = 85BD2E532D84F30500D55316 /* Github_iOSTests.swift */; };
		85BD2E5E2D84F30500D55316 /* Github_iOSUITests.swift in Sources */ = {isa = PBXBuildFile; fileRef = 85BD2E5D2D84F30500D55316 /* Github_iOSUITests.swift */; };
		85BD2E602D84F30500D55316 /* Github_iOSUITestsLaunchTests.swift in Sources */ = {isa = PBXBuildFile; fileRef = 85BD2E5F2D84F30500D55316 /* Github_iOSUITestsLaunchTests.swift */; };
/* End PBXBuildFile section */

/* Begin PBXContainerItemProxy section */
		85BD2E502D84F30500D55316 /* PBXContainerItemProxy */ = {
			isa = PBXContainerItemProxy;
			containerPortal = 85BD2E312D84F30400D55316 /* Project object */;
			proxyType = 1;
			remoteGlobalIDString = 85BD2E382D84F30400D55316;
			remoteInfo = "Github-iOS";
		};
		85BD2E5A2D84F30500D55316 /* PBXContainerItemProxy */ = {
			isa = PBXContainerItemProxy;
			containerPortal = 85BD2E312D84F30400D55316 /* Project object */;
			proxyType = 1;
			remoteGlobalIDString = 85BD2E382D84F30400D55316;
			remoteInfo = "Github-iOS";
		};
/* End PBXContainerItemProxy section */

/* Begin PBXFileReference section */
		85BD2E392D84F30400D55316 /* Github-iOS.app */ = {isa = PBXFileReference; explicitFileType = wrapper.application; includeInIndex = 0; path = "Github-iOS.app"; sourceTree = BUILT_PRODUCTS_DIR; };
		85BD2E3C2D84F30400D55316 /* AppDelegate.swift */ = {isa = PBXFileReference; lastKnownFileType = sourcecode.swift; path = AppDelegate.swift; sourceTree = "<group>"; };
		85BD2E3E2D84F30400D55316 /* SceneDelegate.swift */ = {isa = PBXFileReference; lastKnownFileType = sourcecode.swift; path = SceneDelegate.swift; sourceTree = "<group>"; };
		85BD2E402D84F30400D55316 /* ReposytoryTableViewController.swift */ = {isa = PBXFileReference; lastKnownFileType = sourcecode.swift; path = ReposytoryTableViewController.swift; sourceTree = "<group>"; };
		85BD2E452D84F30500D55316 /* Assets.xcassets */ = {isa = PBXFileReference; lastKnownFileType = folder.assetcatalog; path = Assets.xcassets; sourceTree = "<group>"; };
		85BD2E482D84F30500D55316 /* Base */ = {isa = PBXFileReference; lastKnownFileType = file.storyboard; name = Base; path = Base.lproj/LaunchScreen.storyboard; sourceTree = "<group>"; };
		85BD2E4A2D84F30500D55316 /* Info.plist */ = {isa = PBXFileReference; lastKnownFileType = text.plist.xml; path = Info.plist; sourceTree = "<group>"; };
		85BD2E4F2D84F30500D55316 /* Github-iOSTests.xctest */ = {isa = PBXFileReference; explicitFileType = wrapper.cfbundle; includeInIndex = 0; path = "Github-iOSTests.xctest"; sourceTree = BUILT_PRODUCTS_DIR; };
		85BD2E532D84F30500D55316 /* Github_iOSTests.swift */ = {isa = PBXFileReference; lastKnownFileType = sourcecode.swift; path = Github_iOSTests.swift; sourceTree = "<group>"; };
		85BD2E592D84F30500D55316 /* Github-iOSUITests.xctest */ = {isa = PBXFileReference; explicitFileType = wrapper.cfbundle; includeInIndex = 0; path = "Github-iOSUITests.xctest"; sourceTree = BUILT_PRODUCTS_DIR; };
		85BD2E5D2D84F30500D55316 /* Github_iOSUITests.swift */ = {isa = PBXFileReference; lastKnownFileType = sourcecode.swift; path = Github_iOSUITests.swift; sourceTree = "<group>"; };
		85BD2E5F2D84F30500D55316 /* Github_iOSUITestsLaunchTests.swift */ = {isa = PBXFileReference; lastKnownFileType = sourcecode.swift; path = Github_iOSUITestsLaunchTests.swift; sourceTree = "<group>"; };
/* End PBXFileReference section */

/* Begin PBXFrameworksBuildPhase section */
		85BD2E362D84F30400D55316 /* Frameworks */ = {
			isa = PBXFrameworksBuildPhase;
			buildActionMask = 2147483647;
			files = (
			);
			runOnlyForDeploymentPostprocessing = 0;
		};
		85BD2E4C2D84F30500D55316 /* Frameworks */ = {
			isa = PBXFrameworksBuildPhase;
			buildActionMask = 2147483647;
			files = (
			);
			runOnlyForDeploymentPostprocessing = 0;
		};
		85BD2E562D84F30500D55316 /* Frameworks */ = {
			isa = PBXFrameworksBuildPhase;
			buildActionMask = 2147483647;
			files = (
			);
			runOnlyForDeploymentPostprocessing = 0;
		};
/* End PBXFrameworksBuildPhase section */

/* Begin PBXGroup section */
		85BD2E302D84F30400D55316 = {
			isa = PBXGroup;
			children = (
				85BD2E3B2D84F30400D55316 /* Github-iOS */,
				85BD2E522D84F30500D55316 /* Github-iOSTests */,
				85BD2E5C2D84F30500D55316 /* Github-iOSUITests */,
				85BD2E3A2D84F30400D55316 /* Products */,
			);
			sourceTree = "<group>";
		};
		85BD2E3A2D84F30400D55316 /* Products */ = {
			isa = PBXGroup;
			children = (
				85BD2E392D84F30400D55316 /* Github-iOS.app */,
				85BD2E4F2D84F30500D55316 /* Github-iOSTests.xctest */,
				85BD2E592D84F30500D55316 /* Github-iOSUITests.xctest */,
			);
			name = Products;
			sourceTree = "<group>";
		};
		85BD2E3B2D84F30400D55316 /* Github-iOS */ = {
			isa = PBXGroup;
			children = (
				85BD2E3C2D84F30400D55316 /* AppDelegate.swift */,
				85BD2E3E2D84F30400D55316 /* SceneDelegate.swift */,
				85BD2E6D2D84F9B900D55316 /* Modules */,
				85BD2E452D84F30500D55316 /* Assets.xcassets */,
				85BD2E472D84F30500D55316 /* LaunchScreen.storyboard */,
				85BD2E4A2D84F30500D55316 /* Info.plist */,
			);
			path = "Github-iOS";
			sourceTree = "<group>";
		};
		85BD2E522D84F30500D55316 /* Github-iOSTests */ = {
			isa = PBXGroup;
			children = (
				85BD2E532D84F30500D55316 /* Github_iOSTests.swift */,
			);
			path = "Github-iOSTests";
			sourceTree = "<group>";
		};
		85BD2E5C2D84F30500D55316 /* Github-iOSUITests */ = {
			isa = PBXGroup;
			children = (
				85BD2E5D2D84F30500D55316 /* Github_iOSUITests.swift */,
				85BD2E5F2D84F30500D55316 /* Github_iOSUITestsLaunchTests.swift */,
			);
			path = "Github-iOSUITests";
			sourceTree = "<group>";
		};
		85BD2E6D2D84F9B900D55316 /* Modules */ = {
			isa = PBXGroup;
			children = (
				85BD2E702D84F9FC00D55316 /* Repository */,
			);
			path = Modules;
			sourceTree = "<group>";
		};
		85BD2E702D84F9FC00D55316 /* Repository */ = {
			isa = PBXGroup;
			children = (
				85BD2E712D84FA0100D55316 /* View */,
			);
			path = Repository;
			sourceTree = "<group>";
		};
		85BD2E712D84FA0100D55316 /* View */ = {
			isa = PBXGroup;
			children = (
				85BD2E402D84F30400D55316 /* ReposytoryTableViewController.swift */,
			);
			path = View;
			sourceTree = "<group>";
		};
/* End PBXGroup section */

/* Begin PBXNativeTarget section */
		85BD2E382D84F30400D55316 /* Github-iOS */ = {
			isa = PBXNativeTarget;
			buildConfigurationList = 85BD2E632D84F30500D55316 /* Build configuration list for PBXNativeTarget "Github-iOS" */;
			buildPhases = (
				85BD2E352D84F30400D55316 /* Sources */,
				85BD2E362D84F30400D55316 /* Frameworks */,
				85BD2E372D84F30400D55316 /* Resources */,
			);
			buildRules = (
			);
			dependencies = (
			);
			name = "Github-iOS";
			productName = "Github-iOS";
			productReference = 85BD2E392D84F30400D55316 /* Github-iOS.app */;
			productType = "com.apple.product-type.application";
		};
		85BD2E4E2D84F30500D55316 /* Github-iOSTests */ = {
			isa = PBXNativeTarget;
			buildConfigurationList = 85BD2E662D84F30500D55316 /* Build configuration list for PBXNativeTarget "Github-iOSTests" */;
			buildPhases = (
				85BD2E4B2D84F30500D55316 /* Sources */,
				85BD2E4C2D84F30500D55316 /* Frameworks */,
				85BD2E4D2D84F30500D55316 /* Resources */,
			);
			buildRules = (
			);
			dependencies = (
				85BD2E512D84F30500D55316 /* PBXTargetDependency */,
			);
			name = "Github-iOSTests";
			productName = "Github-iOSTests";
			productReference = 85BD2E4F2D84F30500D55316 /* Github-iOSTests.xctest */;
			productType = "com.apple.product-type.bundle.unit-test";
		};
		85BD2E582D84F30500D55316 /* Github-iOSUITests */ = {
			isa = PBXNativeTarget;
			buildConfigurationList = 85BD2E692D84F30500D55316 /* Build configuration list for PBXNativeTarget "Github-iOSUITests" */;
			buildPhases = (
				85BD2E552D84F30500D55316 /* Sources */,
				85BD2E562D84F30500D55316 /* Frameworks */,
				85BD2E572D84F30500D55316 /* Resources */,
			);
			buildRules = (
			);
			dependencies = (
				85BD2E5B2D84F30500D55316 /* PBXTargetDependency */,
			);
			name = "Github-iOSUITests";
			productName = "Github-iOSUITests";
			productReference = 85BD2E592D84F30500D55316 /* Github-iOSUITests.xctest */;
			productType = "com.apple.product-type.bundle.ui-testing";
		};
/* End PBXNativeTarget section */

/* Begin PBXProject section */
		85BD2E312D84F30400D55316 /* Project object */ = {
			isa = PBXProject;
			attributes = {
				BuildIndependentTargetsInParallel = 1;
				LastSwiftUpdateCheck = 1530;
				LastUpgradeCheck = 1530;
				TargetAttributes = {
					85BD2E382D84F30400D55316 = {
						CreatedOnToolsVersion = 15.3;
					};
					85BD2E4E2D84F30500D55316 = {
						CreatedOnToolsVersion = 15.3;
						TestTargetID = 85BD2E382D84F30400D55316;
					};
					85BD2E582D84F30500D55316 = {
						CreatedOnToolsVersion = 15.3;
						TestTargetID = 85BD2E382D84F30400D55316;
					};
				};
			};
			buildConfigurationList = 85BD2E342D84F30400D55316 /* Build configuration list for PBXProject "Github-iOS" */;
			compatibilityVersion = "Xcode 14.0";
			developmentRegion = en;
			hasScannedForEncodings = 0;
			knownRegions = (
				en,
				Base,
			);
			mainGroup = 85BD2E302D84F30400D55316;
			productRefGroup = 85BD2E3A2D84F30400D55316 /* Products */;
			projectDirPath = "";
			projectRoot = "";
			targets = (
				85BD2E382D84F30400D55316 /* Github-iOS */,
				85BD2E4E2D84F30500D55316 /* Github-iOSTests */,
				85BD2E582D84F30500D55316 /* Github-iOSUITests */,
			);
		};
/* End PBXProject section */

/* Begin PBXResourcesBuildPhase section */
		85BD2E372D84F30400D55316 /* Resources */ = {
			isa = PBXResourcesBuildPhase;
			buildActionMask = 2147483647;
			files = (
				85BD2E462D84F30500D55316 /* Assets.xcassets in Resources */,
				85BD2E492D84F30500D55316 /* Base in Resources */,
			);
			runOnlyForDeploymentPostprocessing = 0;
		};
		85BD2E4D2D84F30500D55316 /* Resources */ = {
			isa = PBXResourcesBuildPhase;
			buildActionMask = 2147483647;
			files = (
			);
			runOnlyForDeploymentPostprocessing = 0;
		};
		85BD2E572D84F30500D55316 /* Resources */ = {
			isa = PBXResourcesBuildPhase;
			buildActionMask = 2147483647;
			files = (
			);
			runOnlyForDeploymentPostprocessing = 0;
		};
/* End PBXResourcesBuildPhase section */

/* Begin PBXSourcesBuildPhase section */
		85BD2E352D84F30400D55316 /* Sources */ = {
			isa = PBXSourcesBuildPhase;
			buildActionMask = 2147483647;
			files = (
				85BD2E412D84F30400D55316 /* ReposytoryTableViewController.swift in Sources */,
				85BD2E3D2D84F30400D55316 /* AppDelegate.swift in Sources */,
				85BD2E3F2D84F30400D55316 /* SceneDelegate.swift in Sources */,
			);
			runOnlyForDeploymentPostprocessing = 0;
		};
		85BD2E4B2D84F30500D55316 /* Sources */ = {
			isa = PBXSourcesBuildPhase;
			buildActionMask = 2147483647;
			files = (
				85BD2E542D84F30500D55316 /* Github_iOSTests.swift in Sources */,
			);
			runOnlyForDeploymentPostprocessing = 0;
		};
		85BD2E552D84F30500D55316 /* Sources */ = {
			isa = PBXSourcesBuildPhase;
			buildActionMask = 2147483647;
			files = (
				85BD2E5E2D84F30500D55316 /* Github_iOSUITests.swift in Sources */,
				85BD2E602D84F30500D55316 /* Github_iOSUITestsLaunchTests.swift in Sources */,
			);
			runOnlyForDeploymentPostprocessing = 0;
		};
/* End PBXSourcesBuildPhase section */

/* Begin PBXTargetDependency section */
		85BD2E512D84F30500D55316 /* PBXTargetDependency */ = {
			isa = PBXTargetDependency;
			target = 85BD2E382D84F30400D55316 /* Github-iOS */;
			targetProxy = 85BD2E502D84F30500D55316 /* PBXContainerItemProxy */;
		};
		85BD2E5B2D84F30500D55316 /* PBXTargetDependency */ = {
			isa = PBXTargetDependency;
			target = 85BD2E382D84F30400D55316 /* Github-iOS */;
			targetProxy = 85BD2E5A2D84F30500D55316 /* PBXContainerItemProxy */;
		};
/* End PBXTargetDependency section */

/* Begin PBXVariantGroup section */
		85BD2E472D84F30500D55316 /* LaunchScreen.storyboard */ = {
			isa = PBXVariantGroup;
			children = (
				85BD2E482D84F30500D55316 /* Base */,
			);
			name = LaunchScreen.storyboard;
			sourceTree = "<group>";
		};
/* End PBXVariantGroup section */

/* Begin XCBuildConfiguration section */
		85BD2E612D84F30500D55316 /* Debug */ = {
			isa = XCBuildConfiguration;
			buildSettings = {
				ALWAYS_SEARCH_USER_PATHS = NO;
				ASSETCATALOG_COMPILER_GENERATE_SWIFT_ASSET_SYMBOL_EXTENSIONS = YES;
				CLANG_ANALYZER_NONNULL = YES;
				CLANG_ANALYZER_NUMBER_OBJECT_CONVERSION = YES_AGGRESSIVE;
				CLANG_CXX_LANGUAGE_STANDARD = "gnu++20";
				CLANG_ENABLE_MODULES = YES;
				CLANG_ENABLE_OBJC_ARC = YES;
				CLANG_ENABLE_OBJC_WEAK = YES;
				CLANG_WARN_BLOCK_CAPTURE_AUTORELEASING = YES;
				CLANG_WARN_BOOL_CONVERSION = YES;
				CLANG_WARN_COMMA = YES;
				CLANG_WARN_CONSTANT_CONVERSION = YES;
				CLANG_WARN_DEPRECATED_OBJC_IMPLEMENTATIONS = YES;
				CLANG_WARN_DIRECT_OBJC_ISA_USAGE = YES_ERROR;
				CLANG_WARN_DOCUMENTATION_COMMENTS = YES;
				CLANG_WARN_EMPTY_BODY = YES;
				CLANG_WARN_ENUM_CONVERSION = YES;
				CLANG_WARN_INFINITE_RECURSION = YES;
				CLANG_WARN_INT_CONVERSION = YES;
				CLANG_WARN_NON_LITERAL_NULL_CONVERSION = YES;
				CLANG_WARN_OBJC_IMPLICIT_RETAIN_SELF = YES;
				CLANG_WARN_OBJC_LITERAL_CONVERSION = YES;
				CLANG_WARN_OBJC_ROOT_CLASS = YES_ERROR;
				CLANG_WARN_QUOTED_INCLUDE_IN_FRAMEWORK_HEADER = YES;
				CLANG_WARN_RANGE_LOOP_ANALYSIS = YES;
				CLANG_WARN_STRICT_PROTOTYPES = YES;
				CLANG_WARN_SUSPICIOUS_MOVE = YES;
				CLANG_WARN_UNGUARDED_AVAILABILITY = YES_AGGRESSIVE;
				CLANG_WARN_UNREACHABLE_CODE = YES;
				CLANG_WARN__DUPLICATE_METHOD_MATCH = YES;
				COPY_PHASE_STRIP = NO;
				DEBUG_INFORMATION_FORMAT = dwarf;
				ENABLE_STRICT_OBJC_MSGSEND = YES;
				ENABLE_TESTABILITY = YES;
				ENABLE_USER_SCRIPT_SANDBOXING = YES;
				GCC_C_LANGUAGE_STANDARD = gnu17;
				GCC_DYNAMIC_NO_PIC = NO;
				GCC_NO_COMMON_BLOCKS = YES;
				GCC_OPTIMIZATION_LEVEL = 0;
				GCC_PREPROCESSOR_DEFINITIONS = (
					"DEBUG=1",
					"$(inherited)",
				);
				GCC_WARN_64_TO_32_BIT_CONVERSION = YES;
				GCC_WARN_ABOUT_RETURN_TYPE = YES_ERROR;
				GCC_WARN_UNDECLARED_SELECTOR = YES;
				GCC_WARN_UNINITIALIZED_AUTOS = YES_AGGRESSIVE;
				GCC_WARN_UNUSED_FUNCTION = YES;
				GCC_WARN_UNUSED_VARIABLE = YES;
				IPHONEOS_DEPLOYMENT_TARGET = 17.4;
				LOCALIZATION_PREFERS_STRING_CATALOGS = YES;
				MTL_ENABLE_DEBUG_INFO = INCLUDE_SOURCE;
				MTL_FAST_MATH = YES;
				ONLY_ACTIVE_ARCH = YES;
				SDKROOT = iphoneos;
				SWIFT_ACTIVE_COMPILATION_CONDITIONS = "DEBUG $(inherited)";
				SWIFT_OPTIMIZATION_LEVEL = "-Onone";
			};
			name = Debug;
		};
		85BD2E622D84F30500D55316 /* Release */ = {
			isa = XCBuildConfiguration;
			buildSettings = {
				ALWAYS_SEARCH_USER_PATHS = NO;
				ASSETCATALOG_COMPILER_GENERATE_SWIFT_ASSET_SYMBOL_EXTENSIONS = YES;
				CLANG_ANALYZER_NONNULL = YES;
				CLANG_ANALYZER_NUMBER_OBJECT_CONVERSION = YES_AGGRESSIVE;
				CLANG_CXX_LANGUAGE_STANDARD = "gnu++20";
				CLANG_ENABLE_MODULES = YES;
				CLANG_ENABLE_OBJC_ARC = YES;
				CLANG_ENABLE_OBJC_WEAK = YES;
				CLANG_WARN_BLOCK_CAPTURE_AUTORELEASING = YES;
				CLANG_WARN_BOOL_CONVERSION = YES;
				CLANG_WARN_COMMA = YES;
				CLANG_WARN_CONSTANT_CONVERSION = YES;
				CLANG_WARN_DEPRECATED_OBJC_IMPLEMENTATIONS = YES;
				CLANG_WARN_DIRECT_OBJC_ISA_USAGE = YES_ERROR;
				CLANG_WARN_DOCUMENTATION_COMMENTS = YES;
				CLANG_WARN_EMPTY_BODY = YES;
				CLANG_WARN_ENUM_CONVERSION = YES;
				CLANG_WARN_INFINITE_RECURSION = YES;
				CLANG_WARN_INT_CONVERSION = YES;
				CLANG_WARN_NON_LITERAL_NULL_CONVERSION = YES;
				CLANG_WARN_OBJC_IMPLICIT_RETAIN_SELF = YES;
				CLANG_WARN_OBJC_LITERAL_CONVERSION = YES;
				CLANG_WARN_OBJC_ROOT_CLASS = YES_ERROR;
				CLANG_WARN_QUOTED_INCLUDE_IN_FRAMEWORK_HEADER = YES;
				CLANG_WARN_RANGE_LOOP_ANALYSIS = YES;
				CLANG_WARN_STRICT_PROTOTYPES = YES;
				CLANG_WARN_SUSPICIOUS_MOVE = YES;
				CLANG_WARN_UNGUARDED_AVAILABILITY = YES_AGGRESSIVE;
				CLANG_WARN_UNREACHABLE_CODE = YES;
				CLANG_WARN__DUPLICATE_METHOD_MATCH = YES;
				COPY_PHASE_STRIP = NO;
				DEBUG_INFORMATION_FORMAT = "dwarf-with-dsym";
				ENABLE_NS_ASSERTIONS = NO;
				ENABLE_STRICT_OBJC_MSGSEND = YES;
				ENABLE_USER_SCRIPT_SANDBOXING = YES;
				GCC_C_LANGUAGE_STANDARD = gnu17;
				GCC_NO_COMMON_BLOCKS = YES;
				GCC_WARN_64_TO_32_BIT_CONVERSION = YES;
				GCC_WARN_ABOUT_RETURN_TYPE = YES_ERROR;
				GCC_WARN_UNDECLARED_SELECTOR = YES;
				GCC_WARN_UNINITIALIZED_AUTOS = YES_AGGRESSIVE;
				GCC_WARN_UNUSED_FUNCTION = YES;
				GCC_WARN_UNUSED_VARIABLE = YES;
				IPHONEOS_DEPLOYMENT_TARGET = 17.4;
				LOCALIZATION_PREFERS_STRING_CATALOGS = YES;
				MTL_ENABLE_DEBUG_INFO = NO;
				MTL_FAST_MATH = YES;
				SDKROOT = iphoneos;
				SWIFT_COMPILATION_MODE = wholemodule;
				VALIDATE_PRODUCT = YES;
			};
			name = Release;
		};
		85BD2E642D84F30500D55316 /* Debug */ = {
			isa = XCBuildConfiguration;
			buildSettings = {
				ASSETCATALOG_COMPILER_APPICON_NAME = AppIcon;
				ASSETCATALOG_COMPILER_GLOBAL_ACCENT_COLOR_NAME = AccentColor;
				CODE_SIGN_STYLE = Automatic;
				CURRENT_PROJECT_VERSION = 1;
				DEVELOPMENT_TEAM = 944UGLCUDB;
				GENERATE_INFOPLIST_FILE = YES;
				INFOPLIST_FILE = "Github-iOS/Info.plist";
				INFOPLIST_KEY_UIApplicationSupportsIndirectInputEvents = YES;
				INFOPLIST_KEY_UILaunchStoryboardName = LaunchScreen;
				INFOPLIST_KEY_UISupportedInterfaceOrientations_iPad = "UIInterfaceOrientationPortrait UIInterfaceOrientationPortraitUpsideDown UIInterfaceOrientationLandscapeLeft UIInterfaceOrientationLandscapeRight";
				INFOPLIST_KEY_UISupportedInterfaceOrientations_iPhone = "UIInterfaceOrientationPortrait UIInterfaceOrientationLandscapeLeft UIInterfaceOrientationLandscapeRight";
				LD_RUNPATH_SEARCH_PATHS = (
					"$(inherited)",
					"@executable_path/Frameworks",
				);
				MARKETING_VERSION = 1.0;
				PRODUCT_BUNDLE_IDENTIFIER = "com.gabriel-mendonca.Github-iOS";
				PRODUCT_NAME = "$(TARGET_NAME)";
				SWIFT_EMIT_LOC_STRINGS = YES;
				SWIFT_VERSION = 5.0;
				TARGETED_DEVICE_FAMILY = "1,2";
			};
			name = Debug;
		};
		85BD2E652D84F30500D55316 /* Release */ = {
			isa = XCBuildConfiguration;
			buildSettings = {
				ASSETCATALOG_COMPILER_APPICON_NAME = AppIcon;
				ASSETCATALOG_COMPILER_GLOBAL_ACCENT_COLOR_NAME = AccentColor;
				CODE_SIGN_STYLE = Automatic;
				CURRENT_PROJECT_VERSION = 1;
				DEVELOPMENT_TEAM = 944UGLCUDB;
				GENERATE_INFOPLIST_FILE = YES;
				INFOPLIST_FILE = "Github-iOS/Info.plist";
				INFOPLIST_KEY_UIApplicationSupportsIndirectInputEvents = YES;
				INFOPLIST_KEY_UILaunchStoryboardName = LaunchScreen;
				INFOPLIST_KEY_UISupportedInterfaceOrientations_iPad = "UIInterfaceOrientationPortrait UIInterfaceOrientationPortraitUpsideDown UIInterfaceOrientationLandscapeLeft UIInterfaceOrientationLandscapeRight";
				INFOPLIST_KEY_UISupportedInterfaceOrientations_iPhone = "UIInterfaceOrientationPortrait UIInterfaceOrientationLandscapeLeft UIInterfaceOrientationLandscapeRight";
				LD_RUNPATH_SEARCH_PATHS = (
					"$(inherited)",
					"@executable_path/Frameworks",
				);
				MARKETING_VERSION = 1.0;
				PRODUCT_BUNDLE_IDENTIFIER = "com.gabriel-mendonca.Github-iOS";
				PRODUCT_NAME = "$(TARGET_NAME)";
				SWIFT_EMIT_LOC_STRINGS = YES;
				SWIFT_VERSION = 5.0;
				TARGETED_DEVICE_FAMILY = "1,2";
			};
			name = Release;
		};
		85BD2E672D84F30500D55316 /* Debug */ = {
			isa = XCBuildConfiguration;
			buildSettings = {
				ALWAYS_EMBED_SWIFT_STANDARD_LIBRARIES = YES;
				BUNDLE_LOADER = "$(TEST_HOST)";
				CODE_SIGN_STYLE = Automatic;
				CURRENT_PROJECT_VERSION = 1;
				DEVELOPMENT_TEAM = 944UGLCUDB;
				GENERATE_INFOPLIST_FILE = YES;
				IPHONEOS_DEPLOYMENT_TARGET = 17.4;
				MARKETING_VERSION = 1.0;
				PRODUCT_BUNDLE_IDENTIFIER = "com.gabriel-mendonca.Github-iOSTests";
				PRODUCT_NAME = "$(TARGET_NAME)";
				SWIFT_EMIT_LOC_STRINGS = NO;
				SWIFT_VERSION = 5.0;
				TARGETED_DEVICE_FAMILY = "1,2";
				TEST_HOST = "$(BUILT_PRODUCTS_DIR)/Github-iOS.app/$(BUNDLE_EXECUTABLE_FOLDER_PATH)/Github-iOS";
			};
			name = Debug;
		};
		85BD2E682D84F30500D55316 /* Release */ = {
			isa = XCBuildConfiguration;
			buildSettings = {
				ALWAYS_EMBED_SWIFT_STANDARD_LIBRARIES = YES;
				BUNDLE_LOADER = "$(TEST_HOST)";
				CODE_SIGN_STYLE = Automatic;
				CURRENT_PROJECT_VERSION = 1;
				DEVELOPMENT_TEAM = 944UGLCUDB;
				GENERATE_INFOPLIST_FILE = YES;
				IPHONEOS_DEPLOYMENT_TARGET = 17.4;
				MARKETING_VERSION = 1.0;
				PRODUCT_BUNDLE_IDENTIFIER = "com.gabriel-mendonca.Github-iOSTests";
				PRODUCT_NAME = "$(TARGET_NAME)";
				SWIFT_EMIT_LOC_STRINGS = NO;
				SWIFT_VERSION = 5.0;
				TARGETED_DEVICE_FAMILY = "1,2";
				TEST_HOST = "$(BUILT_PRODUCTS_DIR)/Github-iOS.app/$(BUNDLE_EXECUTABLE_FOLDER_PATH)/Github-iOS";
			};
			name = Release;
		};
		85BD2E6A2D84F30500D55316 /* Debug */ = {
			isa = XCBuildConfiguration;
			buildSettings = {
				ALWAYS_EMBED_SWIFT_STANDARD_LIBRARIES = YES;
				CODE_SIGN_STYLE = Automatic;
				CURRENT_PROJECT_VERSION = 1;
				DEVELOPMENT_TEAM = 944UGLCUDB;
				GENERATE_INFOPLIST_FILE = YES;
				MARKETING_VERSION = 1.0;
				PRODUCT_BUNDLE_IDENTIFIER = "com.gabriel-mendonca.Github-iOSUITests";
				PRODUCT_NAME = "$(TARGET_NAME)";
				SWIFT_EMIT_LOC_STRINGS = NO;
				SWIFT_VERSION = 5.0;
				TARGETED_DEVICE_FAMILY = "1,2";
				TEST_TARGET_NAME = "Github-iOS";
			};
			name = Debug;
		};
		85BD2E6B2D84F30500D55316 /* Release */ = {
			isa = XCBuildConfiguration;
			buildSettings = {
				ALWAYS_EMBED_SWIFT_STANDARD_LIBRARIES = YES;
				CODE_SIGN_STYLE = Automatic;
				CURRENT_PROJECT_VERSION = 1;
				DEVELOPMENT_TEAM = 944UGLCUDB;
				GENERATE_INFOPLIST_FILE = YES;
				MARKETING_VERSION = 1.0;
				PRODUCT_BUNDLE_IDENTIFIER = "com.gabriel-mendonca.Github-iOSUITests";
				PRODUCT_NAME = "$(TARGET_NAME)";
				SWIFT_EMIT_LOC_STRINGS = NO;
				SWIFT_VERSION = 5.0;
				TARGETED_DEVICE_FAMILY = "1,2";
				TEST_TARGET_NAME = "Github-iOS";
			};
			name = Release;
		};
/* End XCBuildConfiguration section */

/* Begin XCConfigurationList section */
		85BD2E342D84F30400D55316 /* Build configuration list for PBXProject "Github-iOS" */ = {
			isa = XCConfigurationList;
			buildConfigurations = (
				85BD2E612D84F30500D55316 /* Debug */,
				85BD2E622D84F30500D55316 /* Release */,
			);
			defaultConfigurationIsVisible = 0;
			defaultConfigurationName = Release;
		};
		85BD2E632D84F30500D55316 /* Build configuration list for PBXNativeTarget "Github-iOS" */ = {
			isa = XCConfigurationList;
			buildConfigurations = (
				85BD2E642D84F30500D55316 /* Debug */,
				85BD2E652D84F30500D55316 /* Release */,
			);
			defaultConfigurationIsVisible = 0;
			defaultConfigurationName = Release;
		};
		85BD2E662D84F30500D55316 /* Build configuration list for PBXNativeTarget "Github-iOSTests" */ = {
			isa = XCConfigurationList;
			buildConfigurations = (
				85BD2E672D84F30500D55316 /* Debug */,
				85BD2E682D84F30500D55316 /* Release */,
			);
			defaultConfigurationIsVisible = 0;
			defaultConfigurationName = Release;
		};
		85BD2E692D84F30500D55316 /* Build configuration list for PBXNativeTarget "Github-iOSUITests" */ = {
			isa = XCConfigurationList;
			buildConfigurations = (
				85BD2E6A2D84F30500D55316 /* Debug */,
				85BD2E6B2D84F30500D55316 /* Release */,
			);
			defaultConfigurationIsVisible = 0;
			defaultConfigurationName = Release;
		};
/* End XCConfigurationList section */
	};
	rootObject = 85BD2E312D84F30400D55316 /* Project object */;
}
